
Microsoft Visual Studio Solution File, Format Version 12.00
# Visual Studio Version 16
VisualStudioVersion = 16.0.29905.134
MinimumVisualStudioVersion = 10.0.40219.1
Project("{2150E333-8FDC-42A3-9474-1A3956D46DE8}") = "Core", "Core", "{4ABA6140-4961-4AA3-9733-8A793DF9ECCA}"
EndProject
Project("{2150E333-8FDC-42A3-9474-1A3956D46DE8}") = "Api", "Api", "{8A197FB6-F985-46A6-8BFB-38E634ED246D}"
EndProject
Project("{9A19103F-16F7-4668-BE54-9A1E7A4F7556}") = "Domain", "Domain\Domain.csproj", "{F6C6AE6A-F81E-42AF-8CCA-4063DFB1B365}"
EndProject
Project("{9A19103F-16F7-4668-BE54-9A1E7A4F7556}") = "Repository", "Repository\Repository.csproj", "{B7FCCA23-642F-4213-B41C-B8AB3CA6706B}"
EndProject
Project("{9A19103F-16F7-4668-BE54-9A1E7A4F7556}") = "Infrastructure", "Infrastructure\Infrastructure.csproj", "{922572CB-02C9-4DD0-B894-D1CE10FAB634}"
EndProject
Project("{9A19103F-16F7-4668-BE54-9A1E7A4F7556}") = "WebApp", "WebApp\WebApp.csproj", "{EF66215E-86B6-4CF5-9035-D664B73837A9}"
EndProject
Project("{FAE04EC0-301F-11D3-BF4B-00C04F79EFBC}") = "Application", "Application\Application.csproj", "{053CE8F1-7888-450D-A815-B938FEEC540A}"
EndProject
Global
	GlobalSection(SolutionConfigurationPlatforms) = preSolution
		Debug|Any CPU = Debug|Any CPU
		Release|Any CPU = Release|Any CPU
	EndGlobalSection
	GlobalSection(ProjectConfigurationPlatforms) = postSolution
		{F6C6AE6A-F81E-42AF-8CCA-4063DFB1B365}.Debug|Any CPU.ActiveCfg = Debug|Any CPU
		{F6C6AE6A-F81E-42AF-8CCA-4063DFB1B365}.Debug|Any CPU.Build.0 = Debug|Any CPU
		{F6C6AE6A-F81E-42AF-8CCA-4063DFB1B365}.Release|Any CPU.ActiveCfg = Release|Any CPU
		{F6C6AE6A-F81E-42AF-8CCA-4063DFB1B365}.Release|Any CPU.Build.0 = Release|Any CPU
		{B7FCCA23-642F-4213-B41C-B8AB3CA6706B}.Debug|Any CPU.ActiveCfg = Debug|Any CPU
		{B7FCCA23-642F-4213-B41C-B8AB3CA6706B}.Debug|Any CPU.Build.0 = Debug|Any CPU
		{B7FCCA23-642F-4213-B41C-B8AB3CA6706B}.Release|Any CPU.ActiveCfg = Release|Any CPU
		{B7FCCA23-642F-4213-B41C-B8AB3CA6706B}.Release|Any CPU.Build.0 = Release|Any CPU
		{922572CB-02C9-4DD0-B894-D1CE10FAB634}.Debug|Any CPU.ActiveCfg = Debug|Any CPU
		{922572CB-02C9-4DD0-B894-D1CE10FAB634}.Debug|Any CPU.Build.0 = Debug|Any CPU
		{922572CB-02C9-4DD0-B894-D1CE10FAB634}.Release|Any CPU.ActiveCfg = Release|Any CPU
		{922572CB-02C9-4DD0-B894-D1CE10FAB634}.Release|Any CPU.Build.0 = Release|Any CPU
		{EF66215E-86B6-4CF5-9035-D664B73837A9}.Debug|Any CPU.ActiveCfg = Debug|Any CPU
		{EF66215E-86B6-4CF5-9035-D664B73837A9}.Debug|Any CPU.Build.0 = Debug|Any CPU
		{EF66215E-86B6-4CF5-9035-D664B73837A9}.Release|Any CPU.ActiveCfg = Release|Any CPU
		{EF66215E-86B6-4CF5-9035-D664B73837A9}.Release|Any CPU.Build.0 = Release|Any CPU
		{053CE8F1-7888-450D-A815-B938FEEC540A}.Debug|Any CPU.ActiveCfg = Debug|Any CPU
		{053CE8F1-7888-450D-A815-B938FEEC540A}.Debug|Any CPU.Build.0 = Debug|Any CPU
		{053CE8F1-7888-450D-A815-B938FEEC540A}.Release|Any CPU.ActiveCfg = Release|Any CPU
		{053CE8F1-7888-450D-A815-B938FEEC540A}.Release|Any CPU.Build.0 = Release|Any CPU
	EndGlobalSection
	GlobalSection(SolutionProperties) = preSolution
		HideSolutionNode = FALSE
	EndGlobalSection
	GlobalSection(NestedProjects) = preSolution
		{F6C6AE6A-F81E-42AF-8CCA-4063DFB1B365} = {4ABA6140-4961-4AA3-9733-8A793DF9ECCA}
		{B7FCCA23-642F-4213-B41C-B8AB3CA6706B} = {4ABA6140-4961-4AA3-9733-8A793DF9ECCA}
		{922572CB-02C9-4DD0-B894-D1CE10FAB634} = {4ABA6140-4961-4AA3-9733-8A793DF9ECCA}
		{EF66215E-86B6-4CF5-9035-D664B73837A9} = {8A197FB6-F985-46A6-8BFB-38E634ED246D}
		{053CE8F1-7888-450D-A815-B938FEEC540A} = {4ABA6140-4961-4AA3-9733-8A793DF9ECCA}
	EndGlobalSection
	GlobalSection(ExtensibilityGlobals) = postSolution
		SolutionGuid = {EA498D35-F2DB-496A-95E5-FEAFC3587E92}
	EndGlobalSection
EndGlobal
